
Microsoft Visual Studio Solution File, Format Version 12.00
# Visual Studio Version 17
VisualStudioVersion = 17.8.34309.116
MinimumVisualStudioVersion = 10.0.40219.1
Project("{9A19103F-16F7-4668-BE54-9A1E7A4F7556}") = "RaceBike", "RaceBike\RaceBike.csproj", "{65E84E50-CD91-4E3F-AD22-BCAC4321E06A}"
EndProject
Project("{9A19103F-16F7-4668-BE54-9A1E7A4F7556}") = "RaceBike.WPF", "RaceBike.WPF\RaceBike.WPF.csproj", "{DB1B2744-3B9C-439D-8D4B-DBD9175FC392}"
EndProject
Project("{FAE04EC0-301F-11D3-BF4B-00C04F79EFBC}") = "RaceBike.Test", "RaceBike.Test\RaceBike.Test.csproj", "{ABEEBD5D-9C15-4881-A17F-023538E2A5C0}"
EndProject
Global
	GlobalSection(SolutionConfigurationPlatforms) = preSolution
		Debug|Any CPU = Debug|Any CPU
		Release|Any CPU = Release|Any CPU
	EndGlobalSection
	GlobalSection(ProjectConfigurationPlatforms) = postSolution
		{65E84E50-CD91-4E3F-AD22-BCAC4321E06A}.Debug|Any CPU.ActiveCfg = Debug|Any CPU
		{65E84E50-CD91-4E3F-AD22-BCAC4321E06A}.Debug|Any CPU.Build.0 = Debug|Any CPU
		{65E84E50-CD91-4E3F-AD22-BCAC4321E06A}.Release|Any CPU.ActiveCfg = Release|Any CPU
		{65E84E50-CD91-4E3F-AD22-BCAC4321E06A}.Release|Any CPU.Build.0 = Release|Any CPU
		{DB1B2744-3B9C-439D-8D4B-DBD9175FC392}.Debug|Any CPU.ActiveCfg = Debug|Any CPU
		{DB1B2744-3B9C-439D-8D4B-DBD9175FC392}.Debug|Any CPU.Build.0 = Debug|Any CPU
		{DB1B2744-3B9C-439D-8D4B-DBD9175FC392}.Release|Any CPU.ActiveCfg = Release|Any CPU
		{DB1B2744-3B9C-439D-8D4B-DBD9175FC392}.Release|Any CPU.Build.0 = Release|Any CPU
		{ABEEBD5D-9C15-4881-A17F-023538E2A5C0}.Debug|Any CPU.ActiveCfg = Debug|Any CPU
		{ABEEBD5D-9C15-4881-A17F-023538E2A5C0}.Debug|Any CPU.Build.0 = Debug|Any CPU
		{ABEEBD5D-9C15-4881-A17F-023538E2A5C0}.Release|Any CPU.ActiveCfg = Release|Any CPU
		{ABEEBD5D-9C15-4881-A17F-023538E2A5C0}.Release|Any CPU.Build.0 = Release|Any CPU
	EndGlobalSection
	GlobalSection(SolutionProperties) = preSolution
		HideSolutionNode = FALSE
	EndGlobalSection
	GlobalSection(ExtensibilityGlobals) = postSolution
		SolutionGuid = {5F4F7E81-DD09-4D2B-9074-B349FE51B345}
	EndGlobalSection
EndGlobal
